// !$*UTF8*$!
{
	archiveVersion = 1;
	classes = {
	};
	objectVersion = 56;
	objects = {

/* Begin PBXBuildFile section */
		992B316A2C4E744100B3A433 /* main.m in Sources */ = {isa = PBXBuildFile; fileRef = 992B31692C4E744100B3A433 /* main.m */; };
		992B317C2C4E746900B3A433 /* PBSyncSocket.m in Sources */ = {isa = PBXBuildFile; fileRef = 992B31712C4E746900B3A433 /* PBSyncSocket.m */; };
		992B317D2C4E746900B3A433 /* PBSyncTlv.m in Sources */ = {isa = PBXBuildFile; fileRef = 992B31732C4E746900B3A433 /* PBSyncTlv.m */; };
		992B317E2C4E746900B3A433 /* GCDAsyncSocket.m in Sources */ = {isa = PBXBuildFile; fileRef = 992B31782C4E746900B3A433 /* GCDAsyncSocket.m */; };
		992B317F2C4E746900B3A433 /* GCDAsyncUdpSocket.m in Sources */ = {isa = PBXBuildFile; fileRef = 992B317A2C4E746900B3A433 /* GCDAsyncUdpSocket.m */; };
/* End PBXBuildFile section */

/* Begin PBXCopyFilesBuildPhase section */
		992B31642C4E744100B3A433 /* CopyFiles */ = {
			isa = PBXCopyFilesBuildPhase;
			buildActionMask = 2147483647;
			dstPath = /usr/share/man/man1/;
			dstSubfolderSpec = 0;
			files = (
			);
			runOnlyForDeploymentPostprocessing = 1;
		};
/* End PBXCopyFilesBuildPhase section */

/* Begin PBXFileReference section */
		992B31662C4E744100B3A433 /* pbsync-mac */ = {isa = PBXFileReference; explicitFileType = "compiled.mach-o.executable"; includeInIndex = 0; path = "pbsync-mac"; sourceTree = BUILT_PRODUCTS_DIR; };
		992B31692C4E744100B3A433 /* main.m */ = {isa = PBXFileReference; lastKnownFileType = sourcecode.c.objc; path = main.m; sourceTree = "<group>"; };
		992B31702C4E746900B3A433 /* PBSyncSocket.h */ = {isa = PBXFileReference; fileEncoding = 4; lastKnownFileType = sourcecode.c.h; path = PBSyncSocket.h; sourceTree = "<group>"; };
		992B31712C4E746900B3A433 /* PBSyncSocket.m */ = {isa = PBXFileReference; fileEncoding = 4; lastKnownFileType = sourcecode.c.objc; path = PBSyncSocket.m; sourceTree = "<group>"; };
		992B31722C4E746900B3A433 /* PBSyncTlv.h */ = {isa = PBXFileReference; fileEncoding = 4; lastKnownFileType = sourcecode.c.h; path = PBSyncTlv.h; sourceTree = "<group>"; };
		992B31732C4E746900B3A433 /* PBSyncTlv.m */ = {isa = PBXFileReference; fileEncoding = 4; lastKnownFileType = sourcecode.c.objc; path = PBSyncTlv.m; sourceTree = "<group>"; };
		992B31752C4E746900B3A433 /* PCH.h */ = {isa = PBXFileReference; fileEncoding = 4; lastKnownFileType = sourcecode.c.h; path = PCH.h; sourceTree = "<group>"; };
		992B31762C4E746900B3A433 /* CocoaAsyncSocket.h */ = {isa = PBXFileReference; fileEncoding = 4; lastKnownFileType = sourcecode.c.h; path = CocoaAsyncSocket.h; sourceTree = "<group>"; };
		992B31772C4E746900B3A433 /* GCDAsyncSocket.h */ = {isa = PBXFileReference; fileEncoding = 4; lastKnownFileType = sourcecode.c.h; path = GCDAsyncSocket.h; sourceTree = "<group>"; };
		992B31782C4E746900B3A433 /* GCDAsyncSocket.m */ = {isa = PBXFileReference; fileEncoding = 4; lastKnownFileType = sourcecode.c.objc; path = GCDAsyncSocket.m; sourceTree = "<group>"; };
		992B31792C4E746900B3A433 /* GCDAsyncUdpSocket.h */ = {isa = PBXFileReference; fileEncoding = 4; lastKnownFileType = sourcecode.c.h; path = GCDAsyncUdpSocket.h; sourceTree = "<group>"; };
		992B317A2C4E746900B3A433 /* GCDAsyncUdpSocket.m */ = {isa = PBXFileReference; fileEncoding = 4; lastKnownFileType = sourcecode.c.objc; path = GCDAsyncUdpSocket.m; sourceTree = "<group>"; };
/* End PBXFileReference section */

/* Begin PBXFrameworksBuildPhase section */
		992B31632C4E744100B3A433 /* Frameworks */ = {
			isa = PBXFrameworksBuildPhase;
			buildActionMask = 2147483647;
			files = (
			);
			runOnlyForDeploymentPostprocessing = 0;
		};
/* End PBXFrameworksBuildPhase section */

/* Begin PBXGroup section */
		992B315D2C4E744100B3A433 = {
			isa = PBXGroup;
			children = (
				992B31682C4E744100B3A433 /* pbsync-mac */,
				992B31672C4E744100B3A433 /* Products */,
			);
			sourceTree = "<group>";
		};
		992B31672C4E744100B3A433 /* Products */ = {
			isa = PBXGroup;
			children = (
				992B31662C4E744100B3A433 /* pbsync-mac */,
			);
			name = Products;
			sourceTree = "<group>";
		};
		992B31682C4E744100B3A433 /* pbsync-mac */ = {
			isa = PBXGroup;
			children = (
				992B31752C4E746900B3A433 /* PCH.h */,
				992B317B2C4E746900B3A433 /* GCDAsyncSocket */,
				992B31742C4E746900B3A433 /* src */,
				992B31692C4E744100B3A433 /* main.m */,
			);
			path = "pbsync-mac";
			sourceTree = "<group>";
		};
		992B31742C4E746900B3A433 /* src */ = {
			isa = PBXGroup;
			children = (
				992B31702C4E746900B3A433 /* PBSyncSocket.h */,
				992B31712C4E746900B3A433 /* PBSyncSocket.m */,
				992B31722C4E746900B3A433 /* PBSyncTlv.h */,
				992B31732C4E746900B3A433 /* PBSyncTlv.m */,
			);
			path = src;
			sourceTree = "<group>";
		};
		992B317B2C4E746900B3A433 /* GCDAsyncSocket */ = {
			isa = PBXGroup;
			children = (
				992B31762C4E746900B3A433 /* CocoaAsyncSocket.h */,
				992B31772C4E746900B3A433 /* GCDAsyncSocket.h */,
				992B31782C4E746900B3A433 /* GCDAsyncSocket.m */,
				992B31792C4E746900B3A433 /* GCDAsyncUdpSocket.h */,
				992B317A2C4E746900B3A433 /* GCDAsyncUdpSocket.m */,
			);
			path = GCDAsyncSocket;
			sourceTree = "<group>";
		};
/* End PBXGroup section */

/* Begin PBXNativeTarget section */
		992B31652C4E744100B3A433 /* pbsync-mac */ = {
			isa = PBXNativeTarget;
			buildConfigurationList = 992B316D2C4E744100B3A433 /* Build configuration list for PBXNativeTarget "pbsync-mac" */;
			buildPhases = (
				992B31622C4E744100B3A433 /* Sources */,
				992B31632C4E744100B3A433 /* Frameworks */,
				992B31642C4E744100B3A433 /* CopyFiles */,
			);
			buildRules = (
			);
			dependencies = (
			);
			name = "pbsync-mac";
			productName = "pbsync-mac";
			productReference = 992B31662C4E744100B3A433 /* pbsync-mac */;
			productType = "com.apple.product-type.tool";
		};
/* End PBXNativeTarget section */

/* Begin PBXProject section */
		992B315E2C4E744100B3A433 /* Project object */ = {
			isa = PBXProject;
			attributes = {
				BuildIndependentTargetsInParallel = 1;
				LastUpgradeCheck = 1530;
				TargetAttributes = {
					992B31652C4E744100B3A433 = {
						CreatedOnToolsVersion = 15.3;
					};
				};
			};
			buildConfigurationList = 992B31612C4E744100B3A433 /* Build configuration list for PBXProject "pbsync-mac" */;
			compatibilityVersion = "Xcode 14.0";
			developmentRegion = en;
			hasScannedForEncodings = 0;
			knownRegions = (
				en,
				Base,
			);
			mainGroup = 992B315D2C4E744100B3A433;
			productRefGroup = 992B31672C4E744100B3A433 /* Products */;
			projectDirPath = "";
			projectRoot = "";
			targets = (
				992B31652C4E744100B3A433 /* pbsync-mac */,
			);
		};
/* End PBXProject section */

/* Begin PBXSourcesBuildPhase section */
		992B31622C4E744100B3A433 /* Sources */ = {
			isa = PBXSourcesBuildPhase;
			buildActionMask = 2147483647;
			files = (
				992B317E2C4E746900B3A433 /* GCDAsyncSocket.m in Sources */,
				992B317F2C4E746900B3A433 /* GCDAsyncUdpSocket.m in Sources */,
				992B316A2C4E744100B3A433 /* main.m in Sources */,
				992B317C2C4E746900B3A433 /* PBSyncSocket.m in Sources */,
				992B317D2C4E746900B3A433 /* PBSyncTlv.m in Sources */,
			);
			runOnlyForDeploymentPostprocessing = 0;
		};
/* End PBXSourcesBuildPhase section */

/* Begin XCBuildConfiguration section */
		992B316B2C4E744100B3A433 /* Debug */ = {
			isa = XCBuildConfiguration;
			buildSettings = {
				ALWAYS_SEARCH_USER_PATHS = NO;
				ASSETCATALOG_COMPILER_GENERATE_SWIFT_ASSET_SYMBOL_EXTENSIONS = YES;
				CLANG_ANALYZER_NONNULL = YES;
				CLANG_ANALYZER_NUMBER_OBJECT_CONVERSION = YES_AGGRESSIVE;
				CLANG_CXX_LANGUAGE_STANDARD = "gnu++20";
				CLANG_ENABLE_MODULES = YES;
				CLANG_ENABLE_OBJC_ARC = YES;
				CLANG_ENABLE_OBJC_WEAK = YES;
				CLANG_WARN_BLOCK_CAPTURE_AUTORELEASING = YES;
				CLANG_WARN_BOOL_CONVERSION = YES;
				CLANG_WARN_COMMA = YES;
				CLANG_WARN_CONSTANT_CONVERSION = YES;
				CLANG_WARN_DEPRECATED_OBJC_IMPLEMENTATIONS = YES;
				CLANG_WARN_DIRECT_OBJC_ISA_USAGE = YES_ERROR;
				CLANG_WARN_DOCUMENTATION_COMMENTS = YES;
				CLANG_WARN_EMPTY_BODY = YES;
				CLANG_WARN_ENUM_CONVERSION = YES;
				CLANG_WARN_INFINITE_RECURSION = YES;
				CLANG_WARN_INT_CONVERSION = YES;
				CLANG_WARN_NON_LITERAL_NULL_CONVERSION = YES;
				CLANG_WARN_OBJC_IMPLICIT_RETAIN_SELF = YES;
				CLANG_WARN_OBJC_LITERAL_CONVERSION = YES;
				CLANG_WARN_OBJC_ROOT_CLASS = YES_ERROR;
				CLANG_WARN_QUOTED_INCLUDE_IN_FRAMEWORK_HEADER = YES;
				CLANG_WARN_RANGE_LOOP_ANALYSIS = YES;
				CLANG_WARN_STRICT_PROTOTYPES = YES;
				CLANG_WARN_SUSPICIOUS_MOVE = YES;
				CLANG_WARN_UNGUARDED_AVAILABILITY = YES_AGGRESSIVE;
				CLANG_WARN_UNREACHABLE_CODE = YES;
				CLANG_WARN__DUPLICATE_METHOD_MATCH = YES;
				COPY_PHASE_STRIP = NO;
				DEBUG_INFORMATION_FORMAT = dwarf;
				ENABLE_STRICT_OBJC_MSGSEND = YES;
				ENABLE_TESTABILITY = YES;
				ENABLE_USER_SCRIPT_SANDBOXING = YES;
				GCC_C_LANGUAGE_STANDARD = gnu17;
				GCC_DYNAMIC_NO_PIC = NO;
				GCC_NO_COMMON_BLOCKS = YES;
				GCC_OPTIMIZATION_LEVEL = 0;
				GCC_PREPROCESSOR_DEFINITIONS = (
					"DEBUG=1",
					"$(inherited)",
				);
				GCC_WARN_64_TO_32_BIT_CONVERSION = YES;
				GCC_WARN_ABOUT_RETURN_TYPE = YES_ERROR;
				GCC_WARN_UNDECLARED_SELECTOR = YES;
				GCC_WARN_UNINITIALIZED_AUTOS = YES_AGGRESSIVE;
				GCC_WARN_UNUSED_FUNCTION = YES;
				GCC_WARN_UNUSED_VARIABLE = YES;
				LOCALIZATION_PREFERS_STRING_CATALOGS = YES;
				MACOSX_DEPLOYMENT_TARGET = 14.4;
				MTL_ENABLE_DEBUG_INFO = INCLUDE_SOURCE;
				MTL_FAST_MATH = YES;
				ONLY_ACTIVE_ARCH = YES;
				SDKROOT = macosx;
			};
			name = Debug;
		};
		992B316C2C4E744100B3A433 /* Release */ = {
			isa = XCBuildConfiguration;
			buildSettings = {
				ALWAYS_SEARCH_USER_PATHS = NO;
				ASSETCATALOG_COMPILER_GENERATE_SWIFT_ASSET_SYMBOL_EXTENSIONS = YES;
				CLANG_ANALYZER_NONNULL = YES;
				CLANG_ANALYZER_NUMBER_OBJECT_CONVERSION = YES_AGGRESSIVE;
				CLANG_CXX_LANGUAGE_STANDARD = "gnu++20";
				CLANG_ENABLE_MODULES = YES;
				CLANG_ENABLE_OBJC_ARC = YES;
				CLANG_ENABLE_OBJC_WEAK = YES;
				CLANG_WARN_BLOCK_CAPTURE_AUTORELEASING = YES;
				CLANG_WARN_BOOL_CONVERSION = YES;
				CLANG_WARN_COMMA = YES;
				CLANG_WARN_CONSTANT_CONVERSION = YES;
				CLANG_WARN_DEPRECATED_OBJC_IMPLEMENTATIONS = YES;
				CLANG_WARN_DIRECT_OBJC_ISA_USAGE = YES_ERROR;
				CLANG_WARN_DOCUMENTATION_COMMENTS = YES;
				CLANG_WARN_EMPTY_BODY = YES;
				CLANG_WARN_ENUM_CONVERSION = YES;
				CLANG_WARN_INFINITE_RECURSION = YES;
				CLANG_WARN_INT_CONVERSION = YES;
				CLANG_WARN_NON_LITERAL_NULL_CONVERSION = YES;
				CLANG_WARN_OBJC_IMPLICIT_RETAIN_SELF = YES;
				CLANG_WARN_OBJC_LITERAL_CONVERSION = YES;
				CLANG_WARN_OBJC_ROOT_CLASS = YES_ERROR;
				CLANG_WARN_QUOTED_INCLUDE_IN_FRAMEWORK_HEADER = YES;
				CLANG_WARN_RANGE_LOOP_ANALYSIS = YES;
				CLANG_WARN_STRICT_PROTOTYPES = YES;
				CLANG_WARN_SUSPICIOUS_MOVE = YES;
				CLANG_WARN_UNGUARDED_AVAILABILITY = YES_AGGRESSIVE;
				CLANG_WARN_UNREACHABLE_CODE = YES;
				CLANG_WARN__DUPLICATE_METHOD_MATCH = YES;
				COPY_PHASE_STRIP = NO;
				DEBUG_INFORMATION_FORMAT = "dwarf-with-dsym";
				ENABLE_NS_ASSERTIONS = NO;
				ENABLE_STRICT_OBJC_MSGSEND = YES;
				ENABLE_USER_SCRIPT_SANDBOXING = YES;
				GCC_C_LANGUAGE_STANDARD = gnu17;
				GCC_NO_COMMON_BLOCKS = YES;
				GCC_WARN_64_TO_32_BIT_CONVERSION = YES;
				GCC_WARN_ABOUT_RETURN_TYPE = YES_ERROR;
				GCC_WARN_UNDECLARED_SELECTOR = YES;
				GCC_WARN_UNINITIALIZED_AUTOS = YES_AGGRESSIVE;
				GCC_WARN_UNUSED_FUNCTION = YES;
				GCC_WARN_UNUSED_VARIABLE = YES;
				LOCALIZATION_PREFERS_STRING_CATALOGS = YES;
				MACOSX_DEPLOYMENT_TARGET = 14.4;
				MTL_ENABLE_DEBUG_INFO = NO;
				MTL_FAST_MATH = YES;
				SDKROOT = macosx;
			};
			name = Release;
		};
		992B316E2C4E744100B3A433 /* Debug */ = {
			isa = XCBuildConfiguration;
			buildSettings = {
				CODE_SIGN_STYLE = Automatic;
				DEVELOPMENT_TEAM = "";
				ENABLE_HARDENED_RUNTIME = YES;
				PRODUCT_NAME = "$(TARGET_NAME)";
			};
			name = Debug;
		};
		992B316F2C4E744100B3A433 /* Release */ = {
			isa = XCBuildConfiguration;
			buildSettings = {
				CODE_SIGN_STYLE = Automatic;
				DEVELOPMENT_TEAM = "";
				ENABLE_HARDENED_RUNTIME = YES;
				PRODUCT_NAME = "$(TARGET_NAME)";
			};
			name = Release;
		};
/* End XCBuildConfiguration section */

/* Begin XCConfigurationList section */
		992B31612C4E744100B3A433 /* Build configuration list for PBXProject "pbsync-mac" */ = {
			isa = XCConfigurationList;
			buildConfigurations = (
				992B316B2C4E744100B3A433 /* Debug */,
				992B316C2C4E744100B3A433 /* Release */,
			);
			defaultConfigurationIsVisible = 0;
			defaultConfigurationName = Release;
		};
		992B316D2C4E744100B3A433 /* Build configuration list for PBXNativeTarget "pbsync-mac" */ = {
			isa = XCConfigurationList;
			buildConfigurations = (
				992B316E2C4E744100B3A433 /* Debug */,
				992B316F2C4E744100B3A433 /* Release */,
			);
			defaultConfigurationIsVisible = 0;
			defaultConfigurationName = Release;
		};
/* End XCConfigurationList section */
	};
	rootObject = 992B315E2C4E744100B3A433 /* Project object */;
}
